// !$*UTF8*$!
{
	archiveVersion = 1;
	classes = {
	};
	objectVersion = 46;
	objects = {

/* Begin PBXBuildFile section */
		65D257491B6F32C8004D6C01 /* DBMovieTests.m in Sources */ = {isa = PBXBuildFile; fileRef = 65D257481B6F32C8004D6C01 /* DBMovieTests.m */; };
		65D2576C1B6F335A004D6C01 /* TopMovieViewController.m in Sources */ = {isa = PBXBuildFile; fileRef = 65D257541B6F335A004D6C01 /* TopMovieViewController.m */; };
		65D2576E1B6F335A004D6C01 /* ArrayDataSource.m in Sources */ = {isa = PBXBuildFile; fileRef = 65D257591B6F335A004D6C01 /* ArrayDataSource.m */; };
		65D2576F1B6F335A004D6C01 /* DBMovie.m in Sources */ = {isa = PBXBuildFile; fileRef = 65D2575B1B6F335A004D6C01 /* DBMovie.m */; };
		65D257701B6F335A004D6C01 /* DBMovieAvatar.m in Sources */ = {isa = PBXBuildFile; fileRef = 65D2575D1B6F335A004D6C01 /* DBMovieAvatar.m */; };
		65D257711B6F335A004D6C01 /* DBMovieCast.m in Sources */ = {isa = PBXBuildFile; fileRef = 65D2575F1B6F335A004D6C01 /* DBMovieCast.m */; };
		65D257721B6F335A004D6C01 /* DBMovieDirector.m in Sources */ = {isa = PBXBuildFile; fileRef = 65D257611B6F335A004D6C01 /* DBMovieDirector.m */; };
		65D257731B6F335A004D6C01 /* DBMovieImage.m in Sources */ = {isa = PBXBuildFile; fileRef = 65D257631B6F335A004D6C01 /* DBMovieImage.m */; };
		65D257741B6F335A004D6C01 /* DBMovieRating.m in Sources */ = {isa = PBXBuildFile; fileRef = 65D257651B6F335A004D6C01 /* DBMovieRating.m */; };
		65D257751B6F335A004D6C01 /* DBMovieViewModel.m in Sources */ = {isa = PBXBuildFile; fileRef = 65D257671B6F335A004D6C01 /* DBMovieViewModel.m */; };
		65D257761B6F335A004D6C01 /* DBMovieCell.m in Sources */ = {isa = PBXBuildFile; fileRef = 65D2576A1B6F335A004D6C01 /* DBMovieCell.m */; };
		65D257771B6F335A004D6C01 /* DBMovieCell.xib in Resources */ = {isa = PBXBuildFile; fileRef = 65D2576B1B6F335A004D6C01 /* DBMovieCell.xib */; };
		65D2577A1B6F3383004D6C01 /* ViewController.m in Sources */ = {isa = PBXBuildFile; fileRef = 65D257791B6F3383004D6C01 /* ViewController.m */; };
/* End PBXBuildFile section */

/* Begin PBXContainerItemProxy section */
		65D257431B6F32C8004D6C01 /* PBXContainerItemProxy */ = {
			isa = PBXContainerItemProxy;
			containerPortal = 65D257211B6F32C7004D6C01 /* Project object */;
			proxyType = 1;
			remoteGlobalIDString = 65D257281B6F32C7004D6C01;
			remoteInfo = DBMovie;
		};
/* End PBXContainerItemProxy section */

/* Begin PBXFileReference section */
		65D257291B6F32C7004D6C01 /* DBMovie.app */ = {isa = PBXFileReference; explicitFileType = wrapper.application; includeInIndex = 0; path = DBMovie.app; sourceTree = BUILT_PRODUCTS_DIR; };
		65D257421B6F32C8004D6C01 /* DBMovieTests.xctest */ = {isa = PBXFileReference; explicitFileType = wrapper.cfbundle; includeInIndex = 0; path = DBMovieTests.xctest; sourceTree = BUILT_PRODUCTS_DIR; };
		65D257471B6F32C8004D6C01 /* Info.plist */ = {isa = PBXFileReference; lastKnownFileType = text.plist.xml; path = Info.plist; sourceTree = "<group>"; };
		65D257481B6F32C8004D6C01 /* DBMovieTests.m */ = {isa = PBXFileReference; lastKnownFileType = sourcecode.c.objc; path = DBMovieTests.m; sourceTree = "<group>"; };
		65D257531B6F335A004D6C01 /* TopMovieViewController.h */ = {isa = PBXFileReference; fileEncoding = 4; lastKnownFileType = sourcecode.c.h; path = TopMovieViewController.h; sourceTree = "<group>"; };
		65D257541B6F335A004D6C01 /* TopMovieViewController.m */ = {isa = PBXFileReference; fileEncoding = 4; lastKnownFileType = sourcecode.c.objc; path = TopMovieViewController.m; sourceTree = "<group>"; };
		65D257581B6F335A004D6C01 /* ArrayDataSource.h */ = {isa = PBXFileReference; fileEncoding = 4; lastKnownFileType = sourcecode.c.h; path = ArrayDataSource.h; sourceTree = "<group>"; };
		65D257591B6F335A004D6C01 /* ArrayDataSource.m */ = {isa = PBXFileReference; fileEncoding = 4; lastKnownFileType = sourcecode.c.objc; path = ArrayDataSource.m; sourceTree = "<group>"; };
		65D2575A1B6F335A004D6C01 /* DBMovie.h */ = {isa = PBXFileReference; fileEncoding = 4; lastKnownFileType = sourcecode.c.h; path = DBMovie.h; sourceTree = "<group>"; };
		65D2575B1B6F335A004D6C01 /* DBMovie.m */ = {isa = PBXFileReference; fileEncoding = 4; lastKnownFileType = sourcecode.c.objc; path = DBMovie.m; sourceTree = "<group>"; };
		65D2575C1B6F335A004D6C01 /* DBMovieAvatar.h */ = {isa = PBXFileReference; fileEncoding = 4; lastKnownFileType = sourcecode.c.h; path = DBMovieAvatar.h; sourceTree = "<group>"; };
		65D2575D1B6F335A004D6C01 /* DBMovieAvatar.m */ = {isa = PBXFileReference; fileEncoding = 4; lastKnownFileType = sourcecode.c.objc; path = DBMovieAvatar.m; sourceTree = "<group>"; };
		65D2575E1B6F335A004D6C01 /* DBMovieCast.h */ = {isa = PBXFileReference; fileEncoding = 4; lastKnownFileType = sourcecode.c.h; path = DBMovieCast.h; sourceTree = "<group>"; };
		65D2575F1B6F335A004D6C01 /* DBMovieCast.m */ = {isa = PBXFileReference; fileEncoding = 4; lastKnownFileType = sourcecode.c.objc; path = DBMovieCast.m; sourceTree = "<group>"; };
		65D257601B6F335A004D6C01 /* DBMovieDirector.h */ = {isa = PBXFileReference; fileEncoding = 4; lastKnownFileType = sourcecode.c.h; path = DBMovieDirector.h; sourceTree = "<group>"; };
		65D257611B6F335A004D6C01 /* DBMovieDirector.m */ = {isa = PBXFileReference; fileEncoding = 4; lastKnownFileType = sourcecode.c.objc; path = DBMovieDirector.m; sourceTree = "<group>"; };
		65D257621B6F335A004D6C01 /* DBMovieImage.h */ = {isa = PBXFileReference; fileEncoding = 4; lastKnownFileType = sourcecode.c.h; path = DBMovieImage.h; sourceTree = "<group>"; };
		65D257631B6F335A004D6C01 /* DBMovieImage.m */ = {isa = PBXFileReference; fileEncoding = 4; lastKnownFileType = sourcecode.c.objc; path = DBMovieImage.m; sourceTree = "<group>"; };
		65D257641B6F335A004D6C01 /* DBMovieRating.h */ = {isa = PBXFileReference; fileEncoding = 4; lastKnownFileType = sourcecode.c.h; path = DBMovieRating.h; sourceTree = "<group>"; };
		65D257651B6F335A004D6C01 /* DBMovieRating.m */ = {isa = PBXFileReference; fileEncoding = 4; lastKnownFileType = sourcecode.c.objc; path = DBMovieRating.m; sourceTree = "<group>"; };
		65D257661B6F335A004D6C01 /* DBMovieViewModel.h */ = {isa = PBXFileReference; fileEncoding = 4; lastKnownFileType = sourcecode.c.h; path = DBMovieViewModel.h; sourceTree = "<group>"; };
		65D257671B6F335A004D6C01 /* DBMovieViewModel.m */ = {isa = PBXFileReference; fileEncoding = 4; lastKnownFileType = sourcecode.c.objc; path = DBMovieViewModel.m; sourceTree = "<group>"; };
		65D257691B6F335A004D6C01 /* DBMovieCell.h */ = {isa = PBXFileReference; fileEncoding = 4; lastKnownFileType = sourcecode.c.h; path = DBMovieCell.h; sourceTree = "<group>"; };
		65D2576A1B6F335A004D6C01 /* DBMovieCell.m */ = {isa = PBXFileReference; fileEncoding = 4; lastKnownFileType = sourcecode.c.objc; path = DBMovieCell.m; sourceTree = "<group>"; };
		65D2576B1B6F335A004D6C01 /* DBMovieCell.xib */ = {isa = PBXFileReference; fileEncoding = 4; lastKnownFileType = file.xib; path = DBMovieCell.xib; sourceTree = "<group>"; };
		65D257781B6F3383004D6C01 /* ViewController.h */ = {isa = PBXFileReference; fileEncoding = 4; lastKnownFileType = sourcecode.c.h; path = ViewController.h; sourceTree = "<group>"; };
		65D257791B6F3383004D6C01 /* ViewController.m */ = {isa = PBXFileReference; fileEncoding = 4; lastKnownFileType = sourcecode.c.objc; path = ViewController.m; sourceTree = "<group>"; };
/* End PBXFileReference section */

/* Begin PBXFrameworksBuildPhase section */
		65D257261B6F32C7004D6C01 /* Frameworks */ = {
			isa = PBXFrameworksBuildPhase;
			buildActionMask = 2147483647;
			files = (
			);
			runOnlyForDeploymentPostprocessing = 0;
		};
		65D2573F1B6F32C8004D6C01 /* Frameworks */ = {
			isa = PBXFrameworksBuildPhase;
			buildActionMask = 2147483647;
			files = (
			);
			runOnlyForDeploymentPostprocessing = 0;
		};
/* End PBXFrameworksBuildPhase section */

/* Begin PBXGroup section */
		65D257201B6F32C7004D6C01 = {
			isa = PBXGroup;
			children = (
				65D2572B1B6F32C7004D6C01 /* DBMovie */,
				65D257451B6F32C8004D6C01 /* DBMovieTests */,
				65D2572A1B6F32C7004D6C01 /* Products */,
			);
			sourceTree = "<group>";
		};
		65D2572A1B6F32C7004D6C01 /* Products */ = {
			isa = PBXGroup;
			children = (
				65D257291B6F32C7004D6C01 /* DBMovie.app */,
				65D257421B6F32C8004D6C01 /* DBMovieTests.xctest */,
			);
			name = Products;
			sourceTree = "<group>";
		};
		65D2572B1B6F32C7004D6C01 /* DBMovie */ = {
			isa = PBXGroup;
			children = (
				65D257521B6F335A004D6C01 /* Controller */,
				65D257571B6F335A004D6C01 /* Model */,
				65D257681B6F335A004D6C01 /* View */,
			);
			path = DBMovie;
			sourceTree = "<group>";
		};
		65D257451B6F32C8004D6C01 /* DBMovieTests */ = {
			isa = PBXGroup;
			children = (
				65D257481B6F32C8004D6C01 /* DBMovieTests.m */,
				65D257461B6F32C8004D6C01 /* Supporting Files */,
			);
			path = DBMovieTests;
			sourceTree = "<group>";
		};
		65D257461B6F32C8004D6C01 /* Supporting Files */ = {
			isa = PBXGroup;
			children = (
				65D257471B6F32C8004D6C01 /* Info.plist */,
			);
			name = "Supporting Files";
			sourceTree = "<group>";
		};
		65D257521B6F335A004D6C01 /* Controller */ = {
			isa = PBXGroup;
			children = (
				65D257531B6F335A004D6C01 /* TopMovieViewController.h */,
				65D257541B6F335A004D6C01 /* TopMovieViewController.m */,
				65D257781B6F3383004D6C01 /* ViewController.h */,
				65D257791B6F3383004D6C01 /* ViewController.m */,
			);
			path = Controller;
			sourceTree = "<group>";
		};
		65D257571B6F335A004D6C01 /* Model */ = {
			isa = PBXGroup;
			children = (
				65D257581B6F335A004D6C01 /* ArrayDataSource.h */,
				65D257591B6F335A004D6C01 /* ArrayDataSource.m */,
				65D2575A1B6F335A004D6C01 /* DBMovie.h */,
				65D2575B1B6F335A004D6C01 /* DBMovie.m */,
				65D2575C1B6F335A004D6C01 /* DBMovieAvatar.h */,
				65D2575D1B6F335A004D6C01 /* DBMovieAvatar.m */,
				65D2575E1B6F335A004D6C01 /* DBMovieCast.h */,
				65D2575F1B6F335A004D6C01 /* DBMovieCast.m */,
				65D257601B6F335A004D6C01 /* DBMovieDirector.h */,
				65D257611B6F335A004D6C01 /* DBMovieDirector.m */,
				65D257621B6F335A004D6C01 /* DBMovieImage.h */,
				65D257631B6F335A004D6C01 /* DBMovieImage.m */,
				65D257641B6F335A004D6C01 /* DBMovieRating.h */,
				65D257651B6F335A004D6C01 /* DBMovieRating.m */,
				65D257661B6F335A004D6C01 /* DBMovieViewModel.h */,
				65D257671B6F335A004D6C01 /* DBMovieViewModel.m */,
			);
			path = Model;
			sourceTree = "<group>";
		};
		65D257681B6F335A004D6C01 /* View */ = {
			isa = PBXGroup;
			children = (
				65D257691B6F335A004D6C01 /* DBMovieCell.h */,
				65D2576A1B6F335A004D6C01 /* DBMovieCell.m */,
				65D2576B1B6F335A004D6C01 /* DBMovieCell.xib */,
			);
			path = View;
			sourceTree = "<group>";
		};
/* End PBXGroup section */

/* Begin PBXNativeTarget section */
		65D257281B6F32C7004D6C01 /* DBMovie */ = {
			isa = PBXNativeTarget;
			buildConfigurationList = 65D2574C1B6F32C8004D6C01 /* Build configuration list for PBXNativeTarget "DBMovie" */;
			buildPhases = (
				65D257251B6F32C7004D6C01 /* Sources */,
				65D257261B6F32C7004D6C01 /* Frameworks */,
				65D257271B6F32C7004D6C01 /* Resources */,
			);
			buildRules = (
			);
			dependencies = (
			);
			name = DBMovie;
			productName = DBMovie;
			productReference = 65D257291B6F32C7004D6C01 /* DBMovie.app */;
			productType = "com.apple.product-type.application";
		};
		65D257411B6F32C8004D6C01 /* DBMovieTests */ = {
			isa = PBXNativeTarget;
			buildConfigurationList = 65D2574F1B6F32C8004D6C01 /* Build configuration list for PBXNativeTarget "DBMovieTests" */;
			buildPhases = (
				65D2573E1B6F32C8004D6C01 /* Sources */,
				65D2573F1B6F32C8004D6C01 /* Frameworks */,
				65D257401B6F32C8004D6C01 /* Resources */,
			);
			buildRules = (
			);
			dependencies = (
				65D257441B6F32C8004D6C01 /* PBXTargetDependency */,
			);
			name = DBMovieTests;
			productName = DBMovieTests;
			productReference = 65D257421B6F32C8004D6C01 /* DBMovieTests.xctest */;
			productType = "com.apple.product-type.bundle.unit-test";
		};
/* End PBXNativeTarget section */

/* Begin PBXProject section */
		65D257211B6F32C7004D6C01 /* Project object */ = {
			isa = PBXProject;
			attributes = {
				LastUpgradeCheck = 0640;
				ORGANIZATIONNAME = ddd;
				TargetAttributes = {
					65D257281B6F32C7004D6C01 = {
						CreatedOnToolsVersion = 6.4;
					};
					65D257411B6F32C8004D6C01 = {
						CreatedOnToolsVersion = 6.4;
						TestTargetID = 65D257281B6F32C7004D6C01;
					};
				};
			};
			buildConfigurationList = 65D257241B6F32C7004D6C01 /* Build configuration list for PBXProject "DBMovie" */;
			compatibilityVersion = "Xcode 3.2";
			developmentRegion = English;
			hasScannedForEncodings = 0;
			knownRegions = (
				en,
				Base,
			);
			mainGroup = 65D257201B6F32C7004D6C01;
			productRefGroup = 65D2572A1B6F32C7004D6C01 /* Products */;
			projectDirPath = "";
			projectRoot = "";
			targets = (
				65D257281B6F32C7004D6C01 /* DBMovie */,
				65D257411B6F32C8004D6C01 /* DBMovieTests */,
			);
		};
/* End PBXProject section */

/* Begin PBXResourcesBuildPhase section */
		65D257271B6F32C7004D6C01 /* Resources */ = {
			isa = PBXResourcesBuildPhase;
			buildActionMask = 2147483647;
			files = (
				65D257771B6F335A004D6C01 /* DBMovieCell.xib in Resources */,
			);
			runOnlyForDeploymentPostprocessing = 0;
		};
		65D257401B6F32C8004D6C01 /* Resources */ = {
			isa = PBXResourcesBuildPhase;
			buildActionMask = 2147483647;
			files = (
			);
			runOnlyForDeploymentPostprocessing = 0;
		};
/* End PBXResourcesBuildPhase section */

/* Begin PBXSourcesBuildPhase section */
		65D257251B6F32C7004D6C01 /* Sources */ = {
			isa = PBXSourcesBuildPhase;
			buildActionMask = 2147483647;
			files = (
				65D257741B6F335A004D6C01 /* DBMovieRating.m in Sources */,
				65D257731B6F335A004D6C01 /* DBMovieImage.m in Sources */,
				65D257701B6F335A004D6C01 /* DBMovieAvatar.m in Sources */,
				65D257751B6F335A004D6C01 /* DBMovieViewModel.m in Sources */,
				65D257761B6F335A004D6C01 /* DBMovieCell.m in Sources */,
				65D2577A1B6F3383004D6C01 /* ViewController.m in Sources */,
				65D257711B6F335A004D6C01 /* DBMovieCast.m in Sources */,
				65D2576F1B6F335A004D6C01 /* DBMovie.m in Sources */,
				65D2576E1B6F335A004D6C01 /* ArrayDataSource.m in Sources */,
				65D257721B6F335A004D6C01 /* DBMovieDirector.m in Sources */,
				65D2576C1B6F335A004D6C01 /* TopMovieViewController.m in Sources */,
			);
			runOnlyForDeploymentPostprocessing = 0;
		};
		65D2573E1B6F32C8004D6C01 /* Sources */ = {
			isa = PBXSourcesBuildPhase;
			buildActionMask = 2147483647;
			files = (
				65D257491B6F32C8004D6C01 /* DBMovieTests.m in Sources */,
			);
			runOnlyForDeploymentPostprocessing = 0;
		};
/* End PBXSourcesBuildPhase section */

/* Begin PBXTargetDependency section */
		65D257441B6F32C8004D6C01 /* PBXTargetDependency */ = {
			isa = PBXTargetDependency;
			target = 65D257281B6F32C7004D6C01 /* DBMovie */;
			targetProxy = 65D257431B6F32C8004D6C01 /* PBXContainerItemProxy */;
		};
/* End PBXTargetDependency section */

/* Begin XCBuildConfiguration section */
		65D2574A1B6F32C8004D6C01 /* Debug */ = {
			isa = XCBuildConfiguration;
			buildSettings = {
				ALWAYS_SEARCH_USER_PATHS = NO;
				CLANG_CXX_LANGUAGE_STANDARD = "gnu++0x";
				CLANG_CXX_LIBRARY = "libc++";
				CLANG_ENABLE_MODULES = YES;
				CLANG_ENABLE_OBJC_ARC = YES;
				CLANG_WARN_BOOL_CONVERSION = YES;
				CLANG_WARN_CONSTANT_CONVERSION = YES;
				CLANG_WARN_DIRECT_OBJC_ISA_USAGE = YES_ERROR;
				CLANG_WARN_EMPTY_BODY = YES;
				CLANG_WARN_ENUM_CONVERSION = YES;
				CLANG_WARN_INT_CONVERSION = YES;
				CLANG_WARN_OBJC_ROOT_CLASS = YES_ERROR;
				CLANG_WARN_UNREACHABLE_CODE = YES;
				CLANG_WARN__DUPLICATE_METHOD_MATCH = YES;
				"CODE_SIGN_IDENTITY[sdk=iphoneos*]" = "iPhone Developer";
				COPY_PHASE_STRIP = NO;
				DEBUG_INFORMATION_FORMAT = "dwarf-with-dsym";
				ENABLE_STRICT_OBJC_MSGSEND = YES;
				GCC_C_LANGUAGE_STANDARD = gnu99;
				GCC_DYNAMIC_NO_PIC = NO;
				GCC_NO_COMMON_BLOCKS = YES;
				GCC_OPTIMIZATION_LEVEL = 0;
				GCC_PREPROCESSOR_DEFINITIONS = (
					"DEBUG=1",
					"$(inherited)",
				);
				GCC_SYMBOLS_PRIVATE_EXTERN = NO;
				GCC_WARN_64_TO_32_BIT_CONVERSION = YES;
				GCC_WARN_ABOUT_RETURN_TYPE = YES_ERROR;
				GCC_WARN_UNDECLARED_SELECTOR = YES;
				GCC_WARN_UNINITIALIZED_AUTOS = YES_AGGRESSIVE;
				GCC_WARN_UNUSED_FUNCTION = YES;
				GCC_WARN_UNUSED_VARIABLE = YES;
				IPHONEOS_DEPLOYMENT_TARGET = 8.4;
				MTL_ENABLE_DEBUG_INFO = YES;
				ONLY_ACTIVE_ARCH = YES;
				SDKROOT = iphoneos;
			};
			name = Debug;
		};
		65D2574B1B6F32C8004D6C01 /* Release */ = {
			isa = XCBuildConfiguration;
			buildSettings = {
				ALWAYS_SEARCH_USER_PATHS = NO;
				CLANG_CXX_LANGUAGE_STANDARD = "gnu++0x";
				CLANG_CXX_LIBRARY = "libc++";
				CLANG_ENABLE_MODULES = YES;
				CLANG_ENABLE_OBJC_ARC = YES;
				CLANG_WARN_BOOL_CONVERSION = YES;
				CLANG_WARN_CONSTANT_CONVERSION = YES;
				CLANG_WARN_DIRECT_OBJC_ISA_USAGE = YES_ERROR;
				CLANG_WARN_EMPTY_BODY = YES;
				CLANG_WARN_ENUM_CONVERSION = YES;
				CLANG_WARN_INT_CONVERSION = YES;
				CLANG_WARN_OBJC_ROOT_CLASS = YES_ERROR;
				CLANG_WARN_UNREACHABLE_CODE = YES;
				CLANG_WARN__DUPLICATE_METHOD_MATCH = YES;
				"CODE_SIGN_IDENTITY[sdk=iphoneos*]" = "iPhone Developer";
				COPY_PHASE_STRIP = NO;
				DEBUG_INFORMATION_FORMAT = "dwarf-with-dsym";
				ENABLE_NS_ASSERTIONS = NO;
				ENABLE_STRICT_OBJC_MSGSEND = YES;
				GCC_C_LANGUAGE_STANDARD = gnu99;
				GCC_NO_COMMON_BLOCKS = YES;
				GCC_WARN_64_TO_32_BIT_CONVERSION = YES;
				GCC_WARN_ABOUT_RETURN_TYPE = YES_ERROR;
				GCC_WARN_UNDECLARED_SELECTOR = YES;
				GCC_WARN_UNINITIALIZED_AUTOS = YES_AGGRESSIVE;
				GCC_WARN_UNUSED_FUNCTION = YES;
				GCC_WARN_UNUSED_VARIABLE = YES;
				IPHONEOS_DEPLOYMENT_TARGET = 8.4;
				MTL_ENABLE_DEBUG_INFO = NO;
				SDKROOT = iphoneos;
				VALIDATE_PRODUCT = YES;
			};
			name = Release;
		};
		65D2574D1B6F32C8004D6C01 /* Debug */ = {
			isa = XCBuildConfiguration;
			buildSettings = {
				ASSETCATALOG_COMPILER_APPICON_NAME = AppIcon;
				INFOPLIST_FILE = DBMovie/Info.plist;
				LD_RUNPATH_SEARCH_PATHS = "$(inherited) @executable_path/Frameworks";
				PRODUCT_NAME = "$(TARGET_NAME)";
			};
			name = Debug;
		};
		65D2574E1B6F32C8004D6C01 /* Release */ = {
			isa = XCBuildConfiguration;
			buildSettings = {
				ASSETCATALOG_COMPILER_APPICON_NAME = AppIcon;
				INFOPLIST_FILE = DBMovie/Info.plist;
				LD_RUNPATH_SEARCH_PATHS = "$(inherited) @executable_path/Frameworks";
				PRODUCT_NAME = "$(TARGET_NAME)";
			};
			name = Release;
		};
		65D257501B6F32C8004D6C01 /* Debug */ = {
			isa = XCBuildConfiguration;
			buildSettings = {
				BUNDLE_LOADER = "$(TEST_HOST)";
				FRAMEWORK_SEARCH_PATHS = (
					"$(SDKROOT)/Developer/Library/Frameworks",
					"$(inherited)",
				);
				GCC_PREPROCESSOR_DEFINITIONS = (
					"DEBUG=1",
					"$(inherited)",
				);
				INFOPLIST_FILE = DBMovieTests/Info.plist;
				LD_RUNPATH_SEARCH_PATHS = "$(inherited) @executable_path/Frameworks @loader_path/Frameworks";
				PRODUCT_NAME = "$(TARGET_NAME)";
				TEST_HOST = "$(BUILT_PRODUCTS_DIR)/DBMovie.app/DBMovie";
			};
			name = Debug;
		};
		65D257511B6F32C8004D6C01 /* Release */ = {
			isa = XCBuildConfiguration;
			buildSettings = {
				BUNDLE_LOADER = "$(TEST_HOST)";
				FRAMEWORK_SEARCH_PATHS = (
					"$(SDKROOT)/Developer/Library/Frameworks",
					"$(inherited)",
				);
				INFOPLIST_FILE = DBMovieTests/Info.plist;
				LD_RUNPATH_SEARCH_PATHS = "$(inherited) @executable_path/Frameworks @loader_path/Frameworks";
				PRODUCT_NAME = "$(TARGET_NAME)";
				TEST_HOST = "$(BUILT_PRODUCTS_DIR)/DBMovie.app/DBMovie";
			};
			name = Release;
		};
/* End XCBuildConfiguration section */

/* Begin XCConfigurationList section */
		65D257241B6F32C7004D6C01 /* Build configuration list for PBXProject "DBMovie" */ = {
			isa = XCConfigurationList;
			buildConfigurations = (
				65D2574A1B6F32C8004D6C01 /* Debug */,
				65D2574B1B6F32C8004D6C01 /* Release */,
			);
			defaultConfigurationIsVisible = 0;
			defaultConfigurationName = Release;
		};
		65D2574C1B6F32C8004D6C01 /* Build configuration list for PBXNativeTarget "DBMovie" */ = {
			isa = XCConfigurationList;
			buildConfigurations = (
				65D2574D1B6F32C8004D6C01 /* Debug */,
				65D2574E1B6F32C8004D6C01 /* Release */,
			);
			defaultConfigurationIsVisible = 0;
		};
		65D2574F1B6F32C8004D6C01 /* Build configuration list for PBXNativeTarget "DBMovieTests" */ = {
			isa = XCConfigurationList;
			buildConfigurations = (
				65D257501B6F32C8004D6C01 /* Debug */,
				65D257511B6F32C8004D6C01 /* Release */,
			);
			defaultConfigurationIsVisible = 0;
		};
/* End XCConfigurationList section */
	};
	rootObject = 65D257211B6F32C7004D6C01 /* Project object */;
}
